
Microsoft Visual Studio Solution File, Format Version 12.00
# Visual Studio Version 16
VisualStudioVersion = 16.0.31613.86
MinimumVisualStudioVersion = 10.0.40219.1
Project("{9A19103F-16F7-4668-BE54-9A1E7A4F7556}") = "DesignPattern.Singleton", "DesignPattern.Singleton\DesignPattern.Singleton.csproj", "{3D576AF8-628D-4E47-8766-75CD2480A010}"
EndProject
Project("{9A19103F-16F7-4668-BE54-9A1E7A4F7556}") = "DesignPattern.Abstract Factory", "DesignPattern.Abstract Factory\DesignPattern.Abstract Factory.csproj", "{15710D7A-C295-44AB-BB96-62D8B0860D55}"
EndProject
Project("{9A19103F-16F7-4668-BE54-9A1E7A4F7556}") = "DesignPattern.AbstractFactoryPhone", "DesignPattern.AbstractFactoryTest\DesignPattern.AbstractFactoryPhone.csproj", "{E94623B6-F405-4FD3-8E02-86D2D55A6E47}"
EndProject
Project("{9A19103F-16F7-4668-BE54-9A1E7A4F7556}") = "DesignPattern.Builder", "DesignPattern.Builder\DesignPattern.Builder.csproj", "{87CCB9D9-0366-4714-9B3D-85527AF38796}"
EndProject
Project("{9A19103F-16F7-4668-BE54-9A1E7A4F7556}") = "DesignPattern.BuilderTest", "DesignPattern.BuilderTest\DesignPattern.BuilderTest.csproj", "{A91793CB-421F-4BEB-A185-48A6B60C9DAD}"
EndProject
Global
	GlobalSection(SolutionConfigurationPlatforms) = preSolution
		Debug|Any CPU = Debug|Any CPU
		Release|Any CPU = Release|Any CPU
	EndGlobalSection
	GlobalSection(ProjectConfigurationPlatforms) = postSolution
		{3D576AF8-628D-4E47-8766-75CD2480A010}.Debug|Any CPU.ActiveCfg = Debug|Any CPU
		{3D576AF8-628D-4E47-8766-75CD2480A010}.Debug|Any CPU.Build.0 = Debug|Any CPU
		{3D576AF8-628D-4E47-8766-75CD2480A010}.Release|Any CPU.ActiveCfg = Release|Any CPU
		{3D576AF8-628D-4E47-8766-75CD2480A010}.Release|Any CPU.Build.0 = Release|Any CPU
		{15710D7A-C295-44AB-BB96-62D8B0860D55}.Debug|Any CPU.ActiveCfg = Debug|Any CPU
		{15710D7A-C295-44AB-BB96-62D8B0860D55}.Debug|Any CPU.Build.0 = Debug|Any CPU
		{15710D7A-C295-44AB-BB96-62D8B0860D55}.Release|Any CPU.ActiveCfg = Release|Any CPU
		{15710D7A-C295-44AB-BB96-62D8B0860D55}.Release|Any CPU.Build.0 = Release|Any CPU
		{E94623B6-F405-4FD3-8E02-86D2D55A6E47}.Debug|Any CPU.ActiveCfg = Debug|Any CPU
		{E94623B6-F405-4FD3-8E02-86D2D55A6E47}.Debug|Any CPU.Build.0 = Debug|Any CPU
		{E94623B6-F405-4FD3-8E02-86D2D55A6E47}.Release|Any CPU.ActiveCfg = Release|Any CPU
		{E94623B6-F405-4FD3-8E02-86D2D55A6E47}.Release|Any CPU.Build.0 = Release|Any CPU
		{87CCB9D9-0366-4714-9B3D-85527AF38796}.Debug|Any CPU.ActiveCfg = Debug|Any CPU
		{87CCB9D9-0366-4714-9B3D-85527AF38796}.Debug|Any CPU.Build.0 = Debug|Any CPU
		{87CCB9D9-0366-4714-9B3D-85527AF38796}.Release|Any CPU.ActiveCfg = Release|Any CPU
		{87CCB9D9-0366-4714-9B3D-85527AF38796}.Release|Any CPU.Build.0 = Release|Any CPU
		{A91793CB-421F-4BEB-A185-48A6B60C9DAD}.Debug|Any CPU.ActiveCfg = Debug|Any CPU
		{A91793CB-421F-4BEB-A185-48A6B60C9DAD}.Debug|Any CPU.Build.0 = Debug|Any CPU
		{A91793CB-421F-4BEB-A185-48A6B60C9DAD}.Release|Any CPU.ActiveCfg = Release|Any CPU
		{A91793CB-421F-4BEB-A185-48A6B60C9DAD}.Release|Any CPU.Build.0 = Release|Any CPU
	EndGlobalSection
	GlobalSection(SolutionProperties) = preSolution
		HideSolutionNode = FALSE
	EndGlobalSection
	GlobalSection(ExtensibilityGlobals) = postSolution
		SolutionGuid = {80F90400-8E1B-4CEC-BA52-381245026E0A}
	EndGlobalSection
EndGlobal
